{
  "name": "web-3dmodel-threejs-main",
  "version": "1.0.0",
  "lockfileVersion": 3,
  "requires": true,
  "packages": {
    "": {
      "name": "web-3dmodel-threejs-main",
      "version": "1.0.0",
      "license": "ISC",
      "dependencies": {
        "fs": "^0.0.1-security",
        "require": "^0.4.4",
        "three": "^0.165.0"
      },
      "devDependencies": {
        "@types/dat.gui": "^0.7.13",
        "@types/three": "^0.165.0"
      }
    },
    "node_modules/@tweenjs/tween.js": {
      "version": "23.1.2",
      "resolved": "https://registry.npmjs.org/@tweenjs/tween.js/-/tween.js-23.1.2.tgz",
      "integrity": "sha512-kMCNaZCJugWI86xiEHaY338CU5JpD0B97p1j1IKNn/Zto8PgACjQx0UxbHjmOcLl/dDOBnItwD07KmCs75pxtQ==",
      "dev": true
    },
    "node_modules/@types/dat.gui": {
      "version": "0.7.13",
      "resolved": "https://registry.npmjs.org/@types/dat.gui/-/dat.gui-0.7.13.tgz",
      "integrity": "sha512-LmG4Pr0mbsB/1WVttf8xaHx45BvSBDGY5D9+0/9AZCbI4vvOguwBHZdKyJMxt5Yst8+icRSHKmr7ClV2u5ZtDA==",
      "dev": true
    },
    "node_modules/@types/stats.js": {
      "version": "0.17.3",
      "resolved": "https://registry.npmjs.org/@types/stats.js/-/stats.js-0.17.3.tgz",
      "integrity": "sha512-pXNfAD3KHOdif9EQXZ9deK82HVNaXP5ZIF5RP2QG6OQFNTaY2YIetfrE9t528vEreGQvEPRDDc8muaoYeK0SxQ==",
      "dev": true
    },
    "node_modules/@types/three": {
      "version": "0.165.0",
      "resolved": "https://registry.npmjs.org/@types/three/-/three-0.165.0.tgz",
      "integrity": "sha512-AJK8JZAFNBF0kBXiAIl5pggYlzAGGA8geVYQXAcPCEDRbyA+oEjkpUBcJJrtNz6IiALwzGexFJGZG2yV3WsYBw==",
      "dev": true,
      "dependencies": {
        "@tweenjs/tween.js": "~23.1.1",
        "@types/stats.js": "*",
        "@types/webxr": "*",
        "fflate": "~0.8.2",
        "meshoptimizer": "~0.18.1"
      }
    },
    "node_modules/@types/webxr": {
      "version": "0.5.16",
      "resolved": "https://registry.npmjs.org/@types/webxr/-/webxr-0.5.16.tgz",
      "integrity": "sha512-0E0Cl84FECtzrB4qG19TNTqpunw0F1YF0QZZnFMF6pDw1kNKJtrlTKlVB34stGIsHbZsYQ7H0tNjPfZftkHHoA==",
      "dev": true
    },
    "node_modules/fflate": {
      "version": "0.8.2",
      "resolved": "https://registry.npmjs.org/fflate/-/fflate-0.8.2.tgz",
      "integrity": "sha512-cPJU47OaAoCbg0pBvzsgpTPhmhqI5eJjh/JIu8tPj5q+T7iLvW/JAYUqmE7KOB4R1ZyEhzBaIQpQpardBF5z8A==",
      "dev": true
    },
    "node_modules/fs": {
      "version": "0.0.1-security",
      "resolved": "https://registry.npmjs.org/fs/-/fs-0.0.1-security.tgz",
      "integrity": "sha512-3XY9e1pP0CVEUCdj5BmfIZxRBTSDycnbqhIOGec9QYtmVH2fbLpj86CFWkrNOkt/Fvty4KZG5lTglL9j/gJ87w=="
    },
    "node_modules/meshoptimizer": {
      "version": "0.18.1",
      "resolved": "https://registry.npmjs.org/meshoptimizer/-/meshoptimizer-0.18.1.tgz",
      "integrity": "sha512-ZhoIoL7TNV4s5B6+rx5mC//fw8/POGyNxS/DZyCJeiZ12ScLfVwRE/GfsxwiTkMYYD5DmK2/JXnEVXqL4rF+Sw==",
      "dev": true
    },
    "node_modules/require": {
      "version": "0.4.4",
      "resolved": "https://registry.npmjs.org/require/-/require-0.4.4.tgz",
      "integrity": "sha512-aCu6DCnZpKufLPwcXvXVf7rv9gXFojNBQvp/anIBIhTn8XLREnI/WTC4T4WPz4MYKFrRrJ1ocA76pMuH+laaMA==",
      "bin": {
        "require": "bin/require-command.js"
      },
      "engines": {
        "browsers": "*",
        "node": "*"
      }
    },
    "node_modules/three": {
      "version": "0.165.0",
      "resolved": "https://registry.npmjs.org/three/-/three-0.165.0.tgz",
      "integrity": "sha512-cc96IlVYGydeceu0e5xq70H8/yoVT/tXBxV/W8A/U6uOq7DXc4/s1Mkmnu6SqoYGhSRWWYFOhVwvq6V0VtbplA=="
    }
  }
}
